// !$*UTF8*$!
{
	archiveVersion = 1;
	classes = {
	};
	objectVersion = 56;
	objects = {

/* Begin PBXBuildFile section */
		6160AAFD2B682F8C00E5DCE2 /* tca_tab_animationApp.swift in Sources */ = {isa = PBXBuildFile; fileRef = 6160AAFC2B682F8C00E5DCE2 /* tca_tab_animationApp.swift */; };
		6160AB012B682F8E00E5DCE2 /* Assets.xcassets in Resources */ = {isa = PBXBuildFile; fileRef = 6160AB002B682F8E00E5DCE2 /* Assets.xcassets */; };
		6160AB042B682F8E00E5DCE2 /* Preview Assets.xcassets in Resources */ = {isa = PBXBuildFile; fileRef = 6160AB032B682F8E00E5DCE2 /* Preview Assets.xcassets */; };
		6160AB0C2B682FDF00E5DCE2 /* ComposableArchitecture in Frameworks */ = {isa = PBXBuildFile; productRef = 6160AB0B2B682FDF00E5DCE2 /* ComposableArchitecture */; };
		6160AB102B682FFF00E5DCE2 /* BrokenAppView.swift in Sources */ = {isa = PBXBuildFile; fileRef = 6160AB0F2B682FFF00E5DCE2 /* BrokenAppView.swift */; };
		6160AB122B68308000E5DCE2 /* Tab.swift in Sources */ = {isa = PBXBuildFile; fileRef = 6160AB112B68308000E5DCE2 /* Tab.swift */; };
		6160AB142B68329B00E5DCE2 /* AppFeature.swift in Sources */ = {isa = PBXBuildFile; fileRef = 6160AB132B68329B00E5DCE2 /* AppFeature.swift */; };
		6160AB1A2B6834A600E5DCE2 /* AppFeature.swift in Sources */ = {isa = PBXBuildFile; fileRef = 6160AB132B68329B00E5DCE2 /* AppFeature.swift */; };
		6160AB1B2B6834A600E5DCE2 /* WorkingAppView.swift in Sources */ = {isa = PBXBuildFile; fileRef = 6160AAFE2B682F8C00E5DCE2 /* WorkingAppView.swift */; };
		6160AB1C2B6834A600E5DCE2 /* Tab.swift in Sources */ = {isa = PBXBuildFile; fileRef = 6160AB112B68308000E5DCE2 /* Tab.swift */; };
		6160AB1D2B6834A600E5DCE2 /* tca_tab_animationApp.swift in Sources */ = {isa = PBXBuildFile; fileRef = 6160AAFC2B682F8C00E5DCE2 /* tca_tab_animationApp.swift */; };
		6160AB1F2B6834A600E5DCE2 /* ComposableArchitecture in Frameworks */ = {isa = PBXBuildFile; productRef = 6160AB162B6834A600E5DCE2 /* ComposableArchitecture */; };
		6160AB212B6834A600E5DCE2 /* Preview Assets.xcassets in Resources */ = {isa = PBXBuildFile; fileRef = 6160AB032B682F8E00E5DCE2 /* Preview Assets.xcassets */; };
		6160AB222B6834A600E5DCE2 /* Assets.xcassets in Resources */ = {isa = PBXBuildFile; fileRef = 6160AB002B682F8E00E5DCE2 /* Assets.xcassets */; };
/* End PBXBuildFile section */

/* Begin PBXFileReference section */
		6160AAF92B682F8C00E5DCE2 /* broken_animation.app */ = {isa = PBXFileReference; explicitFileType = wrapper.application; includeInIndex = 0; path = broken_animation.app; sourceTree = BUILT_PRODUCTS_DIR; };
		6160AAFC2B682F8C00E5DCE2 /* tca_tab_animationApp.swift */ = {isa = PBXFileReference; lastKnownFileType = sourcecode.swift; path = tca_tab_animationApp.swift; sourceTree = "<group>"; };
		6160AAFE2B682F8C00E5DCE2 /* WorkingAppView.swift */ = {isa = PBXFileReference; lastKnownFileType = sourcecode.swift; path = WorkingAppView.swift; sourceTree = "<group>"; };
		6160AB002B682F8E00E5DCE2 /* Assets.xcassets */ = {isa = PBXFileReference; lastKnownFileType = folder.assetcatalog; path = Assets.xcassets; sourceTree = "<group>"; };
		6160AB032B682F8E00E5DCE2 /* Preview Assets.xcassets */ = {isa = PBXFileReference; lastKnownFileType = folder.assetcatalog; path = "Preview Assets.xcassets"; sourceTree = "<group>"; };
		6160AB0F2B682FFF00E5DCE2 /* BrokenAppView.swift */ = {isa = PBXFileReference; lastKnownFileType = sourcecode.swift; path = BrokenAppView.swift; sourceTree = "<group>"; };
		6160AB112B68308000E5DCE2 /* Tab.swift */ = {isa = PBXFileReference; lastKnownFileType = sourcecode.swift; path = Tab.swift; sourceTree = "<group>"; };
		6160AB132B68329B00E5DCE2 /* AppFeature.swift */ = {isa = PBXFileReference; lastKnownFileType = sourcecode.swift; path = AppFeature.swift; sourceTree = "<group>"; };
		6160AB262B6834A600E5DCE2 /* working_animation.app */ = {isa = PBXFileReference; explicitFileType = wrapper.application; includeInIndex = 0; path = working_animation.app; sourceTree = BUILT_PRODUCTS_DIR; };
/* End PBXFileReference section */

/* Begin PBXFrameworksBuildPhase section */
		6160AAF62B682F8C00E5DCE2 /* Frameworks */ = {
			isa = PBXFrameworksBuildPhase;
			buildActionMask = 2147483647;
			files = (
				6160AB0C2B682FDF00E5DCE2 /* ComposableArchitecture in Frameworks */,
			);
			runOnlyForDeploymentPostprocessing = 0;
		};
		6160AB1E2B6834A600E5DCE2 /* Frameworks */ = {
			isa = PBXFrameworksBuildPhase;
			buildActionMask = 2147483647;
			files = (
				6160AB1F2B6834A600E5DCE2 /* ComposableArchitecture in Frameworks */,
			);
			runOnlyForDeploymentPostprocessing = 0;
		};
/* End PBXFrameworksBuildPhase section */

/* Begin PBXGroup section */
		6160AAF02B682F8C00E5DCE2 = {
			isa = PBXGroup;
			children = (
				6160AAFB2B682F8C00E5DCE2 /* tca-tab-animation */,
				6160AAFA2B682F8C00E5DCE2 /* Products */,
			);
			sourceTree = "<group>";
		};
		6160AAFA2B682F8C00E5DCE2 /* Products */ = {
			isa = PBXGroup;
			children = (
				6160AAF92B682F8C00E5DCE2 /* broken_animation.app */,
				6160AB262B6834A600E5DCE2 /* working_animation.app */,
			);
			name = Products;
			sourceTree = "<group>";
		};
		6160AAFB2B682F8C00E5DCE2 /* tca-tab-animation */ = {
			isa = PBXGroup;
			children = (
				6160AB272B68358100E5DCE2 /* Shared */,
				6160AB0F2B682FFF00E5DCE2 /* BrokenAppView.swift */,
				6160AAFE2B682F8C00E5DCE2 /* WorkingAppView.swift */,
				6160AB002B682F8E00E5DCE2 /* Assets.xcassets */,
				6160AB022B682F8E00E5DCE2 /* Preview Content */,
			);
			path = "tca-tab-animation";
			sourceTree = "<group>";
		};
		6160AB022B682F8E00E5DCE2 /* Preview Content */ = {
			isa = PBXGroup;
			children = (
				6160AB032B682F8E00E5DCE2 /* Preview Assets.xcassets */,
			);
			path = "Preview Content";
			sourceTree = "<group>";
		};
		6160AB272B68358100E5DCE2 /* Shared */ = {
			isa = PBXGroup;
			children = (
				6160AAFC2B682F8C00E5DCE2 /* tca_tab_animationApp.swift */,
				6160AB112B68308000E5DCE2 /* Tab.swift */,
				6160AB132B68329B00E5DCE2 /* AppFeature.swift */,
			);
			path = Shared;
			sourceTree = "<group>";
		};
/* End PBXGroup section */

/* Begin PBXNativeTarget section */
		6160AAF82B682F8C00E5DCE2 /* broken_animation */ = {
			isa = PBXNativeTarget;
			buildConfigurationList = 6160AB072B682F8E00E5DCE2 /* Build configuration list for PBXNativeTarget "broken_animation" */;
			buildPhases = (
				6160AAF52B682F8C00E5DCE2 /* Sources */,
				6160AAF62B682F8C00E5DCE2 /* Frameworks */,
				6160AAF72B682F8C00E5DCE2 /* Resources */,
			);
			buildRules = (
			);
			dependencies = (
			);
			name = broken_animation;
			packageProductDependencies = (
				6160AB0B2B682FDF00E5DCE2 /* ComposableArchitecture */,
			);
			productName = "tca-tab-animation";
			productReference = 6160AAF92B682F8C00E5DCE2 /* broken_animation.app */;
			productType = "com.apple.product-type.application";
		};
		6160AB152B6834A600E5DCE2 /* working_animation */ = {
			isa = PBXNativeTarget;
			buildConfigurationList = 6160AB232B6834A600E5DCE2 /* Build configuration list for PBXNativeTarget "working_animation" */;
			buildPhases = (
				6160AB182B6834A600E5DCE2 /* Sources */,
				6160AB1E2B6834A600E5DCE2 /* Frameworks */,
				6160AB202B6834A600E5DCE2 /* Resources */,
			);
			buildRules = (
			);
			dependencies = (
			);
			name = working_animation;
			packageProductDependencies = (
				6160AB162B6834A600E5DCE2 /* ComposableArchitecture */,
			);
			productName = "tca-tab-animation";
			productReference = 6160AB262B6834A600E5DCE2 /* working_animation.app */;
			productType = "com.apple.product-type.application";
		};
/* End PBXNativeTarget section */

/* Begin PBXProject section */
		6160AAF12B682F8C00E5DCE2 /* Project object */ = {
			isa = PBXProject;
			attributes = {
				BuildIndependentTargetsInParallel = 1;
				LastSwiftUpdateCheck = 1520;
				LastUpgradeCheck = 1520;
				TargetAttributes = {
					6160AAF82B682F8C00E5DCE2 = {
						CreatedOnToolsVersion = 15.2;
					};
				};
			};
			buildConfigurationList = 6160AAF42B682F8C00E5DCE2 /* Build configuration list for PBXProject "tca-tab-animation" */;
			compatibilityVersion = "Xcode 14.0";
			developmentRegion = en;
			hasScannedForEncodings = 0;
			knownRegions = (
				en,
				Base,
			);
			mainGroup = 6160AAF02B682F8C00E5DCE2;
			packageReferences = (
				6160AB0A2B682FDF00E5DCE2 /* XCRemoteSwiftPackageReference "swift-composable-architecture" */,
			);
			productRefGroup = 6160AAFA2B682F8C00E5DCE2 /* Products */;
			projectDirPath = "";
			projectRoot = "";
			targets = (
				6160AAF82B682F8C00E5DCE2 /* broken_animation */,
				6160AB152B6834A600E5DCE2 /* working_animation */,
			);
		};
/* End PBXProject section */

/* Begin PBXResourcesBuildPhase section */
		6160AAF72B682F8C00E5DCE2 /* Resources */ = {
			isa = PBXResourcesBuildPhase;
			buildActionMask = 2147483647;
			files = (
				6160AB042B682F8E00E5DCE2 /* Preview Assets.xcassets in Resources */,
				6160AB012B682F8E00E5DCE2 /* Assets.xcassets in Resources */,
			);
			runOnlyForDeploymentPostprocessing = 0;
		};
		6160AB202B6834A600E5DCE2 /* Resources */ = {
			isa = PBXResourcesBuildPhase;
			buildActionMask = 2147483647;
			files = (
				6160AB212B6834A600E5DCE2 /* Preview Assets.xcassets in Resources */,
				6160AB222B6834A600E5DCE2 /* Assets.xcassets in Resources */,
			);
			runOnlyForDeploymentPostprocessing = 0;
		};
/* End PBXResourcesBuildPhase section */

/* Begin PBXSourcesBuildPhase section */
		6160AAF52B682F8C00E5DCE2 /* Sources */ = {
			isa = PBXSourcesBuildPhase;
			buildActionMask = 2147483647;
			files = (
				6160AB102B682FFF00E5DCE2 /* BrokenAppView.swift in Sources */,
				6160AB142B68329B00E5DCE2 /* AppFeature.swift in Sources */,
				6160AB122B68308000E5DCE2 /* Tab.swift in Sources */,
				6160AAFD2B682F8C00E5DCE2 /* tca_tab_animationApp.swift in Sources */,
			);
			runOnlyForDeploymentPostprocessing = 0;
		};
		6160AB182B6834A600E5DCE2 /* Sources */ = {
			isa = PBXSourcesBuildPhase;
			buildActionMask = 2147483647;
			files = (
				6160AB1A2B6834A600E5DCE2 /* AppFeature.swift in Sources */,
				6160AB1B2B6834A600E5DCE2 /* WorkingAppView.swift in Sources */,
				6160AB1C2B6834A600E5DCE2 /* Tab.swift in Sources */,
				6160AB1D2B6834A600E5DCE2 /* tca_tab_animationApp.swift in Sources */,
			);
			runOnlyForDeploymentPostprocessing = 0;
		};
/* End PBXSourcesBuildPhase section */

/* Begin XCBuildConfiguration section */
		6160AB052B682F8E00E5DCE2 /* Debug */ = {
			isa = XCBuildConfiguration;
			buildSettings = {
				ALWAYS_SEARCH_USER_PATHS = NO;
				ASSETCATALOG_COMPILER_GENERATE_SWIFT_ASSET_SYMBOL_EXTENSIONS = YES;
				CLANG_ANALYZER_NONNULL = YES;
				CLANG_ANALYZER_NUMBER_OBJECT_CONVERSION = YES_AGGRESSIVE;
				CLANG_CXX_LANGUAGE_STANDARD = "gnu++20";
				CLANG_ENABLE_MODULES = YES;
				CLANG_ENABLE_OBJC_ARC = YES;
				CLANG_ENABLE_OBJC_WEAK = YES;
				CLANG_WARN_BLOCK_CAPTURE_AUTORELEASING = YES;
				CLANG_WARN_BOOL_CONVERSION = YES;
				CLANG_WARN_COMMA = YES;
				CLANG_WARN_CONSTANT_CONVERSION = YES;
				CLANG_WARN_DEPRECATED_OBJC_IMPLEMENTATIONS = YES;
				CLANG_WARN_DIRECT_OBJC_ISA_USAGE = YES_ERROR;
				CLANG_WARN_DOCUMENTATION_COMMENTS = YES;
				CLANG_WARN_EMPTY_BODY = YES;
				CLANG_WARN_ENUM_CONVERSION = YES;
				CLANG_WARN_INFINITE_RECURSION = YES;
				CLANG_WARN_INT_CONVERSION = YES;
				CLANG_WARN_NON_LITERAL_NULL_CONVERSION = YES;
				CLANG_WARN_OBJC_IMPLICIT_RETAIN_SELF = YES;
				CLANG_WARN_OBJC_LITERAL_CONVERSION = YES;
				CLANG_WARN_OBJC_ROOT_CLASS = YES_ERROR;
				CLANG_WARN_QUOTED_INCLUDE_IN_FRAMEWORK_HEADER = YES;
				CLANG_WARN_RANGE_LOOP_ANALYSIS = YES;
				CLANG_WARN_STRICT_PROTOTYPES = YES;
				CLANG_WARN_SUSPICIOUS_MOVE = YES;
				CLANG_WARN_UNGUARDED_AVAILABILITY = YES_AGGRESSIVE;
				CLANG_WARN_UNREACHABLE_CODE = YES;
				CLANG_WARN__DUPLICATE_METHOD_MATCH = YES;
				COPY_PHASE_STRIP = NO;
				DEBUG_INFORMATION_FORMAT = dwarf;
				ENABLE_STRICT_OBJC_MSGSEND = YES;
				ENABLE_TESTABILITY = YES;
				ENABLE_USER_SCRIPT_SANDBOXING = YES;
				GCC_C_LANGUAGE_STANDARD = gnu17;
				GCC_DYNAMIC_NO_PIC = NO;
				GCC_NO_COMMON_BLOCKS = YES;
				GCC_OPTIMIZATION_LEVEL = 0;
				GCC_PREPROCESSOR_DEFINITIONS = (
					"DEBUG=1",
					"$(inherited)",
				);
				GCC_WARN_64_TO_32_BIT_CONVERSION = YES;
				GCC_WARN_ABOUT_RETURN_TYPE = YES_ERROR;
				GCC_WARN_UNDECLARED_SELECTOR = YES;
				GCC_WARN_UNINITIALIZED_AUTOS = YES_AGGRESSIVE;
				GCC_WARN_UNUSED_FUNCTION = YES;
				GCC_WARN_UNUSED_VARIABLE = YES;
				IPHONEOS_DEPLOYMENT_TARGET = 17.0;
				LOCALIZATION_PREFERS_STRING_CATALOGS = YES;
				MTL_ENABLE_DEBUG_INFO = INCLUDE_SOURCE;
				MTL_FAST_MATH = YES;
				ONLY_ACTIVE_ARCH = YES;
				SDKROOT = iphoneos;
				SWIFT_ACTIVE_COMPILATION_CONDITIONS = "DEBUG $(inherited)";
				SWIFT_OPTIMIZATION_LEVEL = "-Onone";
			};
			name = Debug;
		};
		6160AB062B682F8E00E5DCE2 /* Release */ = {
			isa = XCBuildConfiguration;
			buildSettings = {
				ALWAYS_SEARCH_USER_PATHS = NO;
				ASSETCATALOG_COMPILER_GENERATE_SWIFT_ASSET_SYMBOL_EXTENSIONS = YES;
				CLANG_ANALYZER_NONNULL = YES;
				CLANG_ANALYZER_NUMBER_OBJECT_CONVERSION = YES_AGGRESSIVE;
				CLANG_CXX_LANGUAGE_STANDARD = "gnu++20";
				CLANG_ENABLE_MODULES = YES;
				CLANG_ENABLE_OBJC_ARC = YES;
				CLANG_ENABLE_OBJC_WEAK = YES;
				CLANG_WARN_BLOCK_CAPTURE_AUTORELEASING = YES;
				CLANG_WARN_BOOL_CONVERSION = YES;
				CLANG_WARN_COMMA = YES;
				CLANG_WARN_CONSTANT_CONVERSION = YES;
				CLANG_WARN_DEPRECATED_OBJC_IMPLEMENTATIONS = YES;
				CLANG_WARN_DIRECT_OBJC_ISA_USAGE = YES_ERROR;
				CLANG_WARN_DOCUMENTATION_COMMENTS = YES;
				CLANG_WARN_EMPTY_BODY = YES;
				CLANG_WARN_ENUM_CONVERSION = YES;
				CLANG_WARN_INFINITE_RECURSION = YES;
				CLANG_WARN_INT_CONVERSION = YES;
				CLANG_WARN_NON_LITERAL_NULL_CONVERSION = YES;
				CLANG_WARN_OBJC_IMPLICIT_RETAIN_SELF = YES;
				CLANG_WARN_OBJC_LITERAL_CONVERSION = YES;
				CLANG_WARN_OBJC_ROOT_CLASS = YES_ERROR;
				CLANG_WARN_QUOTED_INCLUDE_IN_FRAMEWORK_HEADER = YES;
				CLANG_WARN_RANGE_LOOP_ANALYSIS = YES;
				CLANG_WARN_STRICT_PROTOTYPES = YES;
				CLANG_WARN_SUSPICIOUS_MOVE = YES;
				CLANG_WARN_UNGUARDED_AVAILABILITY = YES_AGGRESSIVE;
				CLANG_WARN_UNREACHABLE_CODE = YES;
				CLANG_WARN__DUPLICATE_METHOD_MATCH = YES;
				COPY_PHASE_STRIP = NO;
				DEBUG_INFORMATION_FORMAT = "dwarf-with-dsym";
				ENABLE_NS_ASSERTIONS = NO;
				ENABLE_STRICT_OBJC_MSGSEND = YES;
				ENABLE_USER_SCRIPT_SANDBOXING = YES;
				GCC_C_LANGUAGE_STANDARD = gnu17;
				GCC_NO_COMMON_BLOCKS = YES;
				GCC_WARN_64_TO_32_BIT_CONVERSION = YES;
				GCC_WARN_ABOUT_RETURN_TYPE = YES_ERROR;
				GCC_WARN_UNDECLARED_SELECTOR = YES;
				GCC_WARN_UNINITIALIZED_AUTOS = YES_AGGRESSIVE;
				GCC_WARN_UNUSED_FUNCTION = YES;
				GCC_WARN_UNUSED_VARIABLE = YES;
				IPHONEOS_DEPLOYMENT_TARGET = 17.0;
				LOCALIZATION_PREFERS_STRING_CATALOGS = YES;
				MTL_ENABLE_DEBUG_INFO = NO;
				MTL_FAST_MATH = YES;
				SDKROOT = iphoneos;
				SWIFT_COMPILATION_MODE = wholemodule;
				VALIDATE_PRODUCT = YES;
			};
			name = Release;
		};
		6160AB082B682F8E00E5DCE2 /* Debug */ = {
			isa = XCBuildConfiguration;
			buildSettings = {
				ASSETCATALOG_COMPILER_APPICON_NAME = AppIcon;
				ASSETCATALOG_COMPILER_GLOBAL_ACCENT_COLOR_NAME = AccentColor;
				CODE_SIGN_STYLE = Automatic;
				CURRENT_PROJECT_VERSION = 1;
				DEVELOPMENT_ASSET_PATHS = "\"tca-tab-animation/Preview Content\"";
				ENABLE_PREVIEWS = YES;
				GENERATE_INFOPLIST_FILE = YES;
				INFOPLIST_KEY_UIApplicationSceneManifest_Generation = YES;
				INFOPLIST_KEY_UIApplicationSupportsIndirectInputEvents = YES;
				INFOPLIST_KEY_UILaunchScreen_Generation = YES;
				INFOPLIST_KEY_UISupportedInterfaceOrientations_iPad = "UIInterfaceOrientationPortrait UIInterfaceOrientationPortraitUpsideDown UIInterfaceOrientationLandscapeLeft UIInterfaceOrientationLandscapeRight";
				INFOPLIST_KEY_UISupportedInterfaceOrientations_iPhone = "UIInterfaceOrientationPortrait UIInterfaceOrientationLandscapeLeft UIInterfaceOrientationLandscapeRight";
				IPHONEOS_DEPLOYMENT_TARGET = 16.0;
				LD_RUNPATH_SEARCH_PATHS = (
					"$(inherited)",
					"@executable_path/Frameworks",
				);
				MARKETING_VERSION = 1.0;
				PRODUCT_BUNDLE_IDENTIFIER = "com.example.tca-tab-animation";
				PRODUCT_NAME = "$(TARGET_NAME)";
				SUPPORTED_PLATFORMS = "iphoneos iphonesimulator";
				SUPPORTS_MACCATALYST = NO;
				SUPPORTS_MAC_DESIGNED_FOR_IPHONE_IPAD = NO;
				SUPPORTS_XR_DESIGNED_FOR_IPHONE_IPAD = NO;
				SWIFT_EMIT_LOC_STRINGS = YES;
				SWIFT_VERSION = 5.0;
				TARGETED_DEVICE_FAMILY = 1;
			};
			name = Debug;
		};
		6160AB092B682F8E00E5DCE2 /* Release */ = {
			isa = XCBuildConfiguration;
			buildSettings = {
				ASSETCATALOG_COMPILER_APPICON_NAME = AppIcon;
				ASSETCATALOG_COMPILER_GLOBAL_ACCENT_COLOR_NAME = AccentColor;
				CODE_SIGN_STYLE = Automatic;
				CURRENT_PROJECT_VERSION = 1;
				DEVELOPMENT_ASSET_PATHS = "\"tca-tab-animation/Preview Content\"";
				ENABLE_PREVIEWS = YES;
				GENERATE_INFOPLIST_FILE = YES;
				INFOPLIST_KEY_UIApplicationSceneManifest_Generation = YES;
				INFOPLIST_KEY_UIApplicationSupportsIndirectInputEvents = YES;
				INFOPLIST_KEY_UILaunchScreen_Generation = YES;
				INFOPLIST_KEY_UISupportedInterfaceOrientations_iPad = "UIInterfaceOrientationPortrait UIInterfaceOrientationPortraitUpsideDown UIInterfaceOrientationLandscapeLeft UIInterfaceOrientationLandscapeRight";
				INFOPLIST_KEY_UISupportedInterfaceOrientations_iPhone = "UIInterfaceOrientationPortrait UIInterfaceOrientationLandscapeLeft UIInterfaceOrientationLandscapeRight";
				IPHONEOS_DEPLOYMENT_TARGET = 16.0;
				LD_RUNPATH_SEARCH_PATHS = (
					"$(inherited)",
					"@executable_path/Frameworks",
				);
				MARKETING_VERSION = 1.0;
				PRODUCT_BUNDLE_IDENTIFIER = "com.example.tca-tab-animation";
				PRODUCT_NAME = "$(TARGET_NAME)";
				SUPPORTED_PLATFORMS = "iphoneos iphonesimulator";
				SUPPORTS_MACCATALYST = NO;
				SUPPORTS_MAC_DESIGNED_FOR_IPHONE_IPAD = NO;
				SUPPORTS_XR_DESIGNED_FOR_IPHONE_IPAD = NO;
				SWIFT_EMIT_LOC_STRINGS = YES;
				SWIFT_VERSION = 5.0;
				TARGETED_DEVICE_FAMILY = 1;
			};
			name = Release;
		};
		6160AB242B6834A600E5DCE2 /* Debug */ = {
			isa = XCBuildConfiguration;
			buildSettings = {
				ASSETCATALOG_COMPILER_APPICON_NAME = AppIcon;
				ASSETCATALOG_COMPILER_GLOBAL_ACCENT_COLOR_NAME = AccentColor;
				CODE_SIGN_STYLE = Automatic;
				CURRENT_PROJECT_VERSION = 1;
				DEVELOPMENT_ASSET_PATHS = "\"tca-tab-animation/Preview Content\"";
				ENABLE_PREVIEWS = YES;
				GENERATE_INFOPLIST_FILE = YES;
				INFOPLIST_KEY_UIApplicationSceneManifest_Generation = YES;
				INFOPLIST_KEY_UIApplicationSupportsIndirectInputEvents = YES;
				INFOPLIST_KEY_UILaunchScreen_Generation = YES;
				INFOPLIST_KEY_UISupportedInterfaceOrientations_iPad = "UIInterfaceOrientationPortrait UIInterfaceOrientationPortraitUpsideDown UIInterfaceOrientationLandscapeLeft UIInterfaceOrientationLandscapeRight";
				INFOPLIST_KEY_UISupportedInterfaceOrientations_iPhone = "UIInterfaceOrientationPortrait UIInterfaceOrientationLandscapeLeft UIInterfaceOrientationLandscapeRight";
				IPHONEOS_DEPLOYMENT_TARGET = 17.0;
				LD_RUNPATH_SEARCH_PATHS = (
					"$(inherited)",
					"@executable_path/Frameworks",
				);
				MARKETING_VERSION = 1.0;
				PRODUCT_BUNDLE_IDENTIFIER = "com.example.tca-tab-animation";
				PRODUCT_NAME = "$(TARGET_NAME)";
				SUPPORTED_PLATFORMS = "iphoneos iphonesimulator";
				SUPPORTS_MACCATALYST = NO;
				SUPPORTS_MAC_DESIGNED_FOR_IPHONE_IPAD = NO;
				SUPPORTS_XR_DESIGNED_FOR_IPHONE_IPAD = NO;
				SWIFT_EMIT_LOC_STRINGS = YES;
				SWIFT_VERSION = 5.0;
				TARGETED_DEVICE_FAMILY = 1;
			};
			name = Debug;
		};
		6160AB252B6834A600E5DCE2 /* Release */ = {
			isa = XCBuildConfiguration;
			buildSettings = {
				ASSETCATALOG_COMPILER_APPICON_NAME = AppIcon;
				ASSETCATALOG_COMPILER_GLOBAL_ACCENT_COLOR_NAME = AccentColor;
				CODE_SIGN_STYLE = Automatic;
				CURRENT_PROJECT_VERSION = 1;
				DEVELOPMENT_ASSET_PATHS = "\"tca-tab-animation/Preview Content\"";
				ENABLE_PREVIEWS = YES;
				GENERATE_INFOPLIST_FILE = YES;
				INFOPLIST_KEY_UIApplicationSceneManifest_Generation = YES;
				INFOPLIST_KEY_UIApplicationSupportsIndirectInputEvents = YES;
				INFOPLIST_KEY_UILaunchScreen_Generation = YES;
				INFOPLIST_KEY_UISupportedInterfaceOrientations_iPad = "UIInterfaceOrientationPortrait UIInterfaceOrientationPortraitUpsideDown UIInterfaceOrientationLandscapeLeft UIInterfaceOrientationLandscapeRight";
				INFOPLIST_KEY_UISupportedInterfaceOrientations_iPhone = "UIInterfaceOrientationPortrait UIInterfaceOrientationLandscapeLeft UIInterfaceOrientationLandscapeRight";
				IPHONEOS_DEPLOYMENT_TARGET = 17.0;
				LD_RUNPATH_SEARCH_PATHS = (
					"$(inherited)",
					"@executable_path/Frameworks",
				);
				MARKETING_VERSION = 1.0;
				PRODUCT_BUNDLE_IDENTIFIER = "com.example.tca-tab-animation";
				PRODUCT_NAME = "$(TARGET_NAME)";
				SUPPORTED_PLATFORMS = "iphoneos iphonesimulator";
				SUPPORTS_MACCATALYST = NO;
				SUPPORTS_MAC_DESIGNED_FOR_IPHONE_IPAD = NO;
				SUPPORTS_XR_DESIGNED_FOR_IPHONE_IPAD = NO;
				SWIFT_EMIT_LOC_STRINGS = YES;
				SWIFT_VERSION = 5.0;
				TARGETED_DEVICE_FAMILY = 1;
			};
			name = Release;
		};
/* End XCBuildConfiguration section */

/* Begin XCConfigurationList section */
		6160AAF42B682F8C00E5DCE2 /* Build configuration list for PBXProject "tca-tab-animation" */ = {
			isa = XCConfigurationList;
			buildConfigurations = (
				6160AB052B682F8E00E5DCE2 /* Debug */,
				6160AB062B682F8E00E5DCE2 /* Release */,
			);
			defaultConfigurationIsVisible = 0;
			defaultConfigurationName = Release;
		};
		6160AB072B682F8E00E5DCE2 /* Build configuration list for PBXNativeTarget "broken_animation" */ = {
			isa = XCConfigurationList;
			buildConfigurations = (
				6160AB082B682F8E00E5DCE2 /* Debug */,
				6160AB092B682F8E00E5DCE2 /* Release */,
			);
			defaultConfigurationIsVisible = 0;
			defaultConfigurationName = Release;
		};
		6160AB232B6834A600E5DCE2 /* Build configuration list for PBXNativeTarget "working_animation" */ = {
			isa = XCConfigurationList;
			buildConfigurations = (
				6160AB242B6834A600E5DCE2 /* Debug */,
				6160AB252B6834A600E5DCE2 /* Release */,
			);
			defaultConfigurationIsVisible = 0;
			defaultConfigurationName = Release;
		};
/* End XCConfigurationList section */

/* Begin XCRemoteSwiftPackageReference section */
		6160AB0A2B682FDF00E5DCE2 /* XCRemoteSwiftPackageReference "swift-composable-architecture" */ = {
			isa = XCRemoteSwiftPackageReference;
			repositoryURL = "https://github.com/pointfreeco/swift-composable-architecture";
			requirement = {
				kind = upToNextMajorVersion;
				minimumVersion = 1.7.0;
			};
		};
		6160AB172B6834A600E5DCE2 /* XCRemoteSwiftPackageReference "swift-composable-architecture" */ = {
			isa = XCRemoteSwiftPackageReference;
			repositoryURL = "https://github.com/pointfreeco/swift-composable-architecture";
			requirement = {
				kind = upToNextMajorVersion;
				minimumVersion = 1.7.0;
			};
		};
/* End XCRemoteSwiftPackageReference section */

/* Begin XCSwiftPackageProductDependency section */
		6160AB0B2B682FDF00E5DCE2 /* ComposableArchitecture */ = {
			isa = XCSwiftPackageProductDependency;
			package = 6160AB0A2B682FDF00E5DCE2 /* XCRemoteSwiftPackageReference "swift-composable-architecture" */;
			productName = ComposableArchitecture;
		};
		6160AB162B6834A600E5DCE2 /* ComposableArchitecture */ = {
			isa = XCSwiftPackageProductDependency;
			package = 6160AB172B6834A600E5DCE2 /* XCRemoteSwiftPackageReference "swift-composable-architecture" */;
			productName = ComposableArchitecture;
		};
/* End XCSwiftPackageProductDependency section */
	};
	rootObject = 6160AAF12B682F8C00E5DCE2 /* Project object */;
}
